git.jlel.se/jlelse/hugo-activitystreams v0.0.0-20200623185019-0c383d3265b9 h1:T0of7wwhIqcERMBuBZagDqaNN2p5jSPji1pzMcuInOI=
git.jlel.se/jlelse/hugo-activitystreams v0.0.0-20200623185019-0c383d3265b9/go.mod h1:m8UQFJmo99j08LQgJcED0LTOwu1OfzGg1cpeFf1TMLs=
github.com/CaiJimmy/hugo-theme-stack/v3 v3.20.0 h1:HcDBhvXj1GJtFEN3lqkmLEULWYu5ycp4KV9v8fQ5s2s=
github.com/CaiJimmy/hugo-theme-stack/v3 v3.20.0/go.mod h1:IPmCXiIxlFSLFYS0tOmYP6ySLviyeNVSabyvSuaxD+I=
